// !$*UTF8*$!
{
	archiveVersion = 1;
	classes = {
	};
	objectVersion = 46;
	objects = {

/* Begin PBXBuildFile section */
		F3085B711BF549F0009CF9D8 /* AppDelegate.swift in Sources */ = {isa = PBXBuildFile; fileRef = F3085B701BF549F0009CF9D8 /* AppDelegate.swift */; };
		F3085B731BF549F0009CF9D8 /* SongViewController.swift in Sources */ = {isa = PBXBuildFile; fileRef = F3085B721BF549F0009CF9D8 /* SongViewController.swift */; };
		F3085B751BF549F0009CF9D8 /* Assets.xcassets in Resources */ = {isa = PBXBuildFile; fileRef = F3085B741BF549F0009CF9D8 /* Assets.xcassets */; };
		F3085B781BF549F0009CF9D8 /* Main.storyboard in Resources */ = {isa = PBXBuildFile; fileRef = F3085B761BF549F0009CF9D8 /* Main.storyboard */; };
		F3085B831BF54AA6009CF9D8 /* SpotilastPanelController.swift in Sources */ = {isa = PBXBuildFile; fileRef = F3085B821BF54AA6009CF9D8 /* SpotilastPanelController.swift */; };
		F3085B851BF55CE9009CF9D8 /* LastWebView.swift in Sources */ = {isa = PBXBuildFile; fileRef = F3085B841BF55CE9009CF9D8 /* LastWebView.swift */; };
		F3085B871BF55F15009CF9D8 /* control.js in Resources */ = {isa = PBXBuildFile; fileRef = F3085B861BF55F15009CF9D8 /* control.js */; };
		F311CD921BF7CFB400317751 /* HoverableView.swift in Sources */ = {isa = PBXBuildFile; fileRef = F311CD911BF7CFB400317751 /* HoverableView.swift */; };
		F3E10C6D1BF67BFC00F63CAB /* JSWebView.swift in Sources */ = {isa = PBXBuildFile; fileRef = F3E10C6C1BF67BFC00F63CAB /* JSWebView.swift */; };
		F3E10C6F1BF6821400F63CAB /* TrackWebView.swift in Sources */ = {isa = PBXBuildFile; fileRef = F3E10C6E1BF6821400F63CAB /* TrackWebView.swift */; };
		F3E10C711BF6833500F63CAB /* ArtistWebView.swift in Sources */ = {isa = PBXBuildFile; fileRef = F3E10C701BF6833500F63CAB /* ArtistWebView.swift */; };
		F3E10C741BF68C8500F63CAB /* LoveButton.swift in Sources */ = {isa = PBXBuildFile; fileRef = F3E10C731BF68C8500F63CAB /* LoveButton.swift */; };
		F3E10C761BF68CAC00F63CAB /* PlayButton.swift in Sources */ = {isa = PBXBuildFile; fileRef = F3E10C751BF68CAC00F63CAB /* PlayButton.swift */; };
		F3E10C7A1BF7BAD100F63CAB /* ArtView.swift in Sources */ = {isa = PBXBuildFile; fileRef = F3E10C791BF7BAD100F63CAB /* ArtView.swift */; };
/* End PBXBuildFile section */

/* Begin PBXFileReference section */
		F3085B6D1BF549F0009CF9D8 /* Spotilast.app */ = {isa = PBXFileReference; explicitFileType = wrapper.application; includeInIndex = 0; path = Spotilast.app; sourceTree = BUILT_PRODUCTS_DIR; };
		F3085B701BF549F0009CF9D8 /* AppDelegate.swift */ = {isa = PBXFileReference; lastKnownFileType = sourcecode.swift; path = AppDelegate.swift; sourceTree = "<group>"; };
		F3085B721BF549F0009CF9D8 /* SongViewController.swift */ = {isa = PBXFileReference; lastKnownFileType = sourcecode.swift; path = SongViewController.swift; sourceTree = "<group>"; };
		F3085B741BF549F0009CF9D8 /* Assets.xcassets */ = {isa = PBXFileReference; lastKnownFileType = folder.assetcatalog; path = Assets.xcassets; sourceTree = "<group>"; };
		F3085B771BF549F0009CF9D8 /* Base */ = {isa = PBXFileReference; lastKnownFileType = file.storyboard; name = Base; path = Base.lproj/Main.storyboard; sourceTree = "<group>"; };
		F3085B791BF549F0009CF9D8 /* Info.plist */ = {isa = PBXFileReference; lastKnownFileType = text.plist.xml; path = Info.plist; sourceTree = "<group>"; };
		F3085B821BF54AA6009CF9D8 /* SpotilastPanelController.swift */ = {isa = PBXFileReference; fileEncoding = 4; lastKnownFileType = sourcecode.swift; path = SpotilastPanelController.swift; sourceTree = "<group>"; };
		F3085B841BF55CE9009CF9D8 /* LastWebView.swift */ = {isa = PBXFileReference; fileEncoding = 4; lastKnownFileType = sourcecode.swift; path = LastWebView.swift; sourceTree = "<group>"; };
		F3085B861BF55F15009CF9D8 /* control.js */ = {isa = PBXFileReference; fileEncoding = 4; lastKnownFileType = sourcecode.javascript; path = control.js; sourceTree = "<group>"; };
		F311CD911BF7CFB400317751 /* HoverableView.swift */ = {isa = PBXFileReference; fileEncoding = 4; lastKnownFileType = sourcecode.swift; name = HoverableView.swift; path = UI/HoverableView.swift; sourceTree = "<group>"; };
		F3E10C6C1BF67BFC00F63CAB /* JSWebView.swift */ = {isa = PBXFileReference; fileEncoding = 4; lastKnownFileType = sourcecode.swift; path = JSWebView.swift; sourceTree = "<group>"; };
		F3E10C6E1BF6821400F63CAB /* TrackWebView.swift */ = {isa = PBXFileReference; fileEncoding = 4; lastKnownFileType = sourcecode.swift; path = TrackWebView.swift; sourceTree = "<group>"; };
		F3E10C701BF6833500F63CAB /* ArtistWebView.swift */ = {isa = PBXFileReference; fileEncoding = 4; lastKnownFileType = sourcecode.swift; path = ArtistWebView.swift; sourceTree = "<group>"; };
		F3E10C731BF68C8500F63CAB /* LoveButton.swift */ = {isa = PBXFileReference; fileEncoding = 4; lastKnownFileType = sourcecode.swift; name = LoveButton.swift; path = UI/LoveButton.swift; sourceTree = "<group>"; };
		F3E10C751BF68CAC00F63CAB /* PlayButton.swift */ = {isa = PBXFileReference; fileEncoding = 4; lastKnownFileType = sourcecode.swift; name = PlayButton.swift; path = UI/PlayButton.swift; sourceTree = "<group>"; };
		F3E10C791BF7BAD100F63CAB /* ArtView.swift */ = {isa = PBXFileReference; fileEncoding = 4; lastKnownFileType = sourcecode.swift; name = ArtView.swift; path = UI/ArtView.swift; sourceTree = "<group>"; };
/* End PBXFileReference section */

/* Begin PBXFrameworksBuildPhase section */
		F3085B6A1BF549F0009CF9D8 /* Frameworks */ = {
			isa = PBXFrameworksBuildPhase;
			buildActionMask = 2147483647;
			files = (
			);
			runOnlyForDeploymentPostprocessing = 0;
		};
/* End PBXFrameworksBuildPhase section */

/* Begin PBXGroup section */
		F3085B641BF549F0009CF9D8 = {
			isa = PBXGroup;
			children = (
				F3085B6F1BF549F0009CF9D8 /* Spotilast */,
				F3085B6E1BF549F0009CF9D8 /* Products */,
			);
			sourceTree = "<group>";
		};
		F3085B6E1BF549F0009CF9D8 /* Products */ = {
			isa = PBXGroup;
			children = (
				F3085B6D1BF549F0009CF9D8 /* Spotilast.app */,
			);
			name = Products;
			sourceTree = "<group>";
		};
		F3085B6F1BF549F0009CF9D8 /* Spotilast */ = {
			isa = PBXGroup;
			children = (
				F311CD931BF7D0AF00317751 /* Views */,
				F3E10C721BF68C6E00F63CAB /* UI */,
				F3085B861BF55F15009CF9D8 /* control.js */,
				F3085B701BF549F0009CF9D8 /* AppDelegate.swift */,
				F3085B821BF54AA6009CF9D8 /* SpotilastPanelController.swift */,
				F3085B721BF549F0009CF9D8 /* SongViewController.swift */,
				F3085B841BF55CE9009CF9D8 /* LastWebView.swift */,
				F3E10C6E1BF6821400F63CAB /* TrackWebView.swift */,
				F3E10C701BF6833500F63CAB /* ArtistWebView.swift */,
				F3E10C6C1BF67BFC00F63CAB /* JSWebView.swift */,
				F3085B741BF549F0009CF9D8 /* Assets.xcassets */,
				F3085B761BF549F0009CF9D8 /* Main.storyboard */,
				F3085B791BF549F0009CF9D8 /* Info.plist */,
			);
			path = Spotilast;
			sourceTree = "<group>";
		};
		F311CD931BF7D0AF00317751 /* Views */ = {
			isa = PBXGroup;
			children = (
				F3E10C791BF7BAD100F63CAB /* ArtView.swift */,
				F311CD911BF7CFB400317751 /* HoverableView.swift */,
			);
			name = Views;
			sourceTree = "<group>";
		};
		F3E10C721BF68C6E00F63CAB /* UI */ = {
			isa = PBXGroup;
			children = (
				F3E10C731BF68C8500F63CAB /* LoveButton.swift */,
				F3E10C751BF68CAC00F63CAB /* PlayButton.swift */,
			);
			name = UI;
			sourceTree = "<group>";
		};
/* End PBXGroup section */

/* Begin PBXNativeTarget section */
		F3085B6C1BF549F0009CF9D8 /* Spotilast */ = {
			isa = PBXNativeTarget;
			buildConfigurationList = F3085B7C1BF549F0009CF9D8 /* Build configuration list for PBXNativeTarget "Spotilast" */;
			buildPhases = (
				F3085B691BF549F0009CF9D8 /* Sources */,
				F3085B6A1BF549F0009CF9D8 /* Frameworks */,
				F3085B6B1BF549F0009CF9D8 /* Resources */,
			);
			buildRules = (
			);
			dependencies = (
			);
			name = Spotilast;
			productName = Spotilast;
			productReference = F3085B6D1BF549F0009CF9D8 /* Spotilast.app */;
			productType = "com.apple.product-type.application";
		};
/* End PBXNativeTarget section */

/* Begin PBXProject section */
		F3085B651BF549F0009CF9D8 /* Project object */ = {
			isa = PBXProject;
			attributes = {
				LastSwiftUpdateCheck = 0710;
				LastUpgradeCheck = 0710;
				ORGANIZATIONNAME = "Prix Fixe Labs";
				TargetAttributes = {
					F3085B6C1BF549F0009CF9D8 = {
						CreatedOnToolsVersion = 7.1.1;
					};
				};
			};
			buildConfigurationList = F3085B681BF549F0009CF9D8 /* Build configuration list for PBXProject "Spotilast" */;
			compatibilityVersion = "Xcode 3.2";
			developmentRegion = English;
			hasScannedForEncodings = 0;
			knownRegions = (
				en,
				Base,
			);
			mainGroup = F3085B641BF549F0009CF9D8;
			productRefGroup = F3085B6E1BF549F0009CF9D8 /* Products */;
			projectDirPath = "";
			projectRoot = "";
			targets = (
				F3085B6C1BF549F0009CF9D8 /* Spotilast */,
			);
		};
/* End PBXProject section */

/* Begin PBXResourcesBuildPhase section */
		F3085B6B1BF549F0009CF9D8 /* Resources */ = {
			isa = PBXResourcesBuildPhase;
			buildActionMask = 2147483647;
			files = (
				F3085B751BF549F0009CF9D8 /* Assets.xcassets in Resources */,
				F3085B871BF55F15009CF9D8 /* control.js in Resources */,
				F3085B781BF549F0009CF9D8 /* Main.storyboard in Resources */,
			);
			runOnlyForDeploymentPostprocessing = 0;
		};
/* End PBXResourcesBuildPhase section */

/* Begin PBXSourcesBuildPhase section */
		F3085B691BF549F0009CF9D8 /* Sources */ = {
			isa = PBXSourcesBuildPhase;
			buildActionMask = 2147483647;
			files = (
				F3085B731BF549F0009CF9D8 /* SongViewController.swift in Sources */,
				F3E10C6D1BF67BFC00F63CAB /* JSWebView.swift in Sources */,
				F3E10C761BF68CAC00F63CAB /* PlayButton.swift in Sources */,
				F3085B831BF54AA6009CF9D8 /* SpotilastPanelController.swift in Sources */,
				F3085B851BF55CE9009CF9D8 /* LastWebView.swift in Sources */,
				F3085B711BF549F0009CF9D8 /* AppDelegate.swift in Sources */,
				F3E10C741BF68C8500F63CAB /* LoveButton.swift in Sources */,
				F3E10C711BF6833500F63CAB /* ArtistWebView.swift in Sources */,
				F3E10C7A1BF7BAD100F63CAB /* ArtView.swift in Sources */,
				F311CD921BF7CFB400317751 /* HoverableView.swift in Sources */,
				F3E10C6F1BF6821400F63CAB /* TrackWebView.swift in Sources */,
			);
			runOnlyForDeploymentPostprocessing = 0;
		};
/* End PBXSourcesBuildPhase section */

/* Begin PBXVariantGroup section */
		F3085B761BF549F0009CF9D8 /* Main.storyboard */ = {
			isa = PBXVariantGroup;
			children = (
				F3085B771BF549F0009CF9D8 /* Base */,
			);
			name = Main.storyboard;
			sourceTree = "<group>";
		};
/* End PBXVariantGroup section */

/* Begin XCBuildConfiguration section */
		F3085B7A1BF549F0009CF9D8 /* Debug */ = {
			isa = XCBuildConfiguration;
			buildSettings = {
				ALWAYS_SEARCH_USER_PATHS = NO;
				CLANG_CXX_LANGUAGE_STANDARD = "gnu++0x";
				CLANG_CXX_LIBRARY = "libc++";
				CLANG_ENABLE_MODULES = YES;
				CLANG_ENABLE_OBJC_ARC = YES;
				CLANG_WARN_BOOL_CONVERSION = YES;
				CLANG_WARN_CONSTANT_CONVERSION = YES;
				CLANG_WARN_DIRECT_OBJC_ISA_USAGE = YES_ERROR;
				CLANG_WARN_EMPTY_BODY = YES;
				CLANG_WARN_ENUM_CONVERSION = YES;
				CLANG_WARN_INT_CONVERSION = YES;
				CLANG_WARN_OBJC_ROOT_CLASS = YES_ERROR;
				CLANG_WARN_UNREACHABLE_CODE = YES;
				CLANG_WARN__DUPLICATE_METHOD_MATCH = YES;
				CODE_SIGN_IDENTITY = "-";
				COPY_PHASE_STRIP = NO;
				DEBUG_INFORMATION_FORMAT = dwarf;
				ENABLE_STRICT_OBJC_MSGSEND = YES;
				ENABLE_TESTABILITY = YES;
				GCC_C_LANGUAGE_STANDARD = gnu99;
				GCC_DYNAMIC_NO_PIC = NO;
				GCC_NO_COMMON_BLOCKS = YES;
				GCC_OPTIMIZATION_LEVEL = 0;
				GCC_PREPROCESSOR_DEFINITIONS = (
					"DEBUG=1",
					"$(inherited)",
				);
				GCC_WARN_64_TO_32_BIT_CONVERSION = YES;
				GCC_WARN_ABOUT_RETURN_TYPE = YES_ERROR;
				GCC_WARN_UNDECLARED_SELECTOR = YES;
				GCC_WARN_UNINITIALIZED_AUTOS = YES_AGGRESSIVE;
				GCC_WARN_UNUSED_FUNCTION = YES;
				GCC_WARN_UNUSED_VARIABLE = YES;
				MACOSX_DEPLOYMENT_TARGET = 10.11;
				MTL_ENABLE_DEBUG_INFO = YES;
				ONLY_ACTIVE_ARCH = YES;
				SDKROOT = macosx;
				SWIFT_OPTIMIZATION_LEVEL = "-Onone";
			};
			name = Debug;
		};
		F3085B7B1BF549F0009CF9D8 /* Release */ = {
			isa = XCBuildConfiguration;
			buildSettings = {
				ALWAYS_SEARCH_USER_PATHS = NO;
				CLANG_CXX_LANGUAGE_STANDARD = "gnu++0x";
				CLANG_CXX_LIBRARY = "libc++";
				CLANG_ENABLE_MODULES = YES;
				CLANG_ENABLE_OBJC_ARC = YES;
				CLANG_WARN_BOOL_CONVERSION = YES;
				CLANG_WARN_CONSTANT_CONVERSION = YES;
				CLANG_WARN_DIRECT_OBJC_ISA_USAGE = YES_ERROR;
				CLANG_WARN_EMPTY_BODY = YES;
				CLANG_WARN_ENUM_CONVERSION = YES;
				CLANG_WARN_INT_CONVERSION = YES;
				CLANG_WARN_OBJC_ROOT_CLASS = YES_ERROR;
				CLANG_WARN_UNREACHABLE_CODE = YES;
				CLANG_WARN__DUPLICATE_METHOD_MATCH = YES;
				CODE_SIGN_IDENTITY = "-";
				COPY_PHASE_STRIP = NO;
				DEBUG_INFORMATION_FORMAT = "dwarf-with-dsym";
				ENABLE_NS_ASSERTIONS = NO;
				ENABLE_STRICT_OBJC_MSGSEND = YES;
				GCC_C_LANGUAGE_STANDARD = gnu99;
				GCC_NO_COMMON_BLOCKS = YES;
				GCC_WARN_64_TO_32_BIT_CONVERSION = YES;
				GCC_WARN_ABOUT_RETURN_TYPE = YES_ERROR;
				GCC_WARN_UNDECLARED_SELECTOR = YES;
				GCC_WARN_UNINITIALIZED_AUTOS = YES_AGGRESSIVE;
				GCC_WARN_UNUSED_FUNCTION = YES;
				GCC_WARN_UNUSED_VARIABLE = YES;
				MACOSX_DEPLOYMENT_TARGET = 10.11;
				MTL_ENABLE_DEBUG_INFO = NO;
				SDKROOT = macosx;
			};
			name = Release;
		};
		F3085B7D1BF549F0009CF9D8 /* Debug */ = {
			isa = XCBuildConfiguration;
			buildSettings = {
				ASSETCATALOG_COMPILER_APPICON_NAME = AppIcon;
				COMBINE_HIDPI_IMAGES = YES;
				INFOPLIST_FILE = Spotilast/Info.plist;
				LD_RUNPATH_SEARCH_PATHS = "$(inherited) @executable_path/../Frameworks";
				PRODUCT_BUNDLE_IDENTIFIER = com.prixfixeapp.Spotilast;
				PRODUCT_NAME = "$(TARGET_NAME)";
			};
			name = Debug;
		};
		F3085B7E1BF549F0009CF9D8 /* Release */ = {
			isa = XCBuildConfiguration;
			buildSettings = {
				ASSETCATALOG_COMPILER_APPICON_NAME = AppIcon;
				COMBINE_HIDPI_IMAGES = YES;
				INFOPLIST_FILE = Spotilast/Info.plist;
				LD_RUNPATH_SEARCH_PATHS = "$(inherited) @executable_path/../Frameworks";
				PRODUCT_BUNDLE_IDENTIFIER = com.prixfixeapp.Spotilast;
				PRODUCT_NAME = "$(TARGET_NAME)";
			};
			name = Release;
		};
/* End XCBuildConfiguration section */

/* Begin XCConfigurationList section */
		F3085B681BF549F0009CF9D8 /* Build configuration list for PBXProject "Spotilast" */ = {
			isa = XCConfigurationList;
			buildConfigurations = (
				F3085B7A1BF549F0009CF9D8 /* Debug */,
				F3085B7B1BF549F0009CF9D8 /* Release */,
			);
			defaultConfigurationIsVisible = 0;
			defaultConfigurationName = Release;
		};
		F3085B7C1BF549F0009CF9D8 /* Build configuration list for PBXNativeTarget "Spotilast" */ = {
			isa = XCConfigurationList;
			buildConfigurations = (
				F3085B7D1BF549F0009CF9D8 /* Debug */,
				F3085B7E1BF549F0009CF9D8 /* Release */,
			);
			defaultConfigurationIsVisible = 0;
			defaultConfigurationName = Release;
		};
/* End XCConfigurationList section */
	};
	rootObject = F3085B651BF549F0009CF9D8 /* Project object */;
}
